// !$*UTF8*$!
{
	archiveVersion = 1;
	classes = {
	};
	objectVersion = 46;
	objects = {

/* Begin PBXBuildFile section */
		8C473C8C1ECD10BA0015F3B7 /* AppDelegate.swift in Sources */ = {isa = PBXBuildFile; fileRef = 8C473C8B1ECD10BA0015F3B7 /* AppDelegate.swift */; };
		8C473C8E1ECD10BA0015F3B7 /* ViewController.swift in Sources */ = {isa = PBXBuildFile; fileRef = 8C473C8D1ECD10BA0015F3B7 /* ViewController.swift */; };
		8C473C911ECD10BA0015F3B7 /* Main.storyboard in Resources */ = {isa = PBXBuildFile; fileRef = 8C473C8F1ECD10BA0015F3B7 /* Main.storyboard */; };
		8C473C931ECD10BA0015F3B7 /* Assets.xcassets in Resources */ = {isa = PBXBuildFile; fileRef = 8C473C921ECD10BA0015F3B7 /* Assets.xcassets */; };
		8C473C961ECD10BA0015F3B7 /* LaunchScreen.storyboard in Resources */ = {isa = PBXBuildFile; fileRef = 8C473C941ECD10BA0015F3B7 /* LaunchScreen.storyboard */; };
		8C473CA11ECD10BA0015F3B7 /* SmartTagTests.swift in Sources */ = {isa = PBXBuildFile; fileRef = 8C473CA01ECD10BA0015F3B7 /* SmartTagTests.swift */; };
		8C473CAC1ECD10BA0015F3B7 /* SmartTagUITests.swift in Sources */ = {isa = PBXBuildFile; fileRef = 8C473CAB1ECD10BA0015F3B7 /* SmartTagUITests.swift */; };
/* End PBXBuildFile section */

/* Begin PBXContainerItemProxy section */
		8C473C9D1ECD10BA0015F3B7 /* PBXContainerItemProxy */ = {
			isa = PBXContainerItemProxy;
			containerPortal = 8C473C801ECD10BA0015F3B7 /* Project object */;
			proxyType = 1;
			remoteGlobalIDString = 8C473C871ECD10BA0015F3B7;
			remoteInfo = SmartTag;
		};
		8C473CA81ECD10BA0015F3B7 /* PBXContainerItemProxy */ = {
			isa = PBXContainerItemProxy;
			containerPortal = 8C473C801ECD10BA0015F3B7 /* Project object */;
			proxyType = 1;
			remoteGlobalIDString = 8C473C871ECD10BA0015F3B7;
			remoteInfo = SmartTag;
		};
/* End PBXContainerItemProxy section */

/* Begin PBXFileReference section */
		8C473C881ECD10BA0015F3B7 /* SmartTag.app */ = {isa = PBXFileReference; explicitFileType = wrapper.application; includeInIndex = 0; path = SmartTag.app; sourceTree = BUILT_PRODUCTS_DIR; };
		8C473C8B1ECD10BA0015F3B7 /* AppDelegate.swift */ = {isa = PBXFileReference; lastKnownFileType = sourcecode.swift; path = AppDelegate.swift; sourceTree = "<group>"; };
		8C473C8D1ECD10BA0015F3B7 /* ViewController.swift */ = {isa = PBXFileReference; lastKnownFileType = sourcecode.swift; path = ViewController.swift; sourceTree = "<group>"; };
		8C473C901ECD10BA0015F3B7 /* Base */ = {isa = PBXFileReference; lastKnownFileType = file.storyboard; name = Base; path = Base.lproj/Main.storyboard; sourceTree = "<group>"; };
		8C473C921ECD10BA0015F3B7 /* Assets.xcassets */ = {isa = PBXFileReference; lastKnownFileType = folder.assetcatalog; path = Assets.xcassets; sourceTree = "<group>"; };
		8C473C951ECD10BA0015F3B7 /* Base */ = {isa = PBXFileReference; lastKnownFileType = file.storyboard; name = Base; path = Base.lproj/LaunchScreen.storyboard; sourceTree = "<group>"; };
		8C473C971ECD10BA0015F3B7 /* Info.plist */ = {isa = PBXFileReference; lastKnownFileType = text.plist.xml; path = Info.plist; sourceTree = "<group>"; };
		8C473C9C1ECD10BA0015F3B7 /* SmartTagTests.xctest */ = {isa = PBXFileReference; explicitFileType = wrapper.cfbundle; includeInIndex = 0; path = SmartTagTests.xctest; sourceTree = BUILT_PRODUCTS_DIR; };
		8C473CA01ECD10BA0015F3B7 /* SmartTagTests.swift */ = {isa = PBXFileReference; lastKnownFileType = sourcecode.swift; path = SmartTagTests.swift; sourceTree = "<group>"; };
		8C473CA21ECD10BA0015F3B7 /* Info.plist */ = {isa = PBXFileReference; lastKnownFileType = text.plist.xml; path = Info.plist; sourceTree = "<group>"; };
		8C473CA71ECD10BA0015F3B7 /* SmartTagUITests.xctest */ = {isa = PBXFileReference; explicitFileType = wrapper.cfbundle; includeInIndex = 0; path = SmartTagUITests.xctest; sourceTree = BUILT_PRODUCTS_DIR; };
		8C473CAB1ECD10BA0015F3B7 /* SmartTagUITests.swift */ = {isa = PBXFileReference; lastKnownFileType = sourcecode.swift; path = SmartTagUITests.swift; sourceTree = "<group>"; };
		8C473CAD1ECD10BA0015F3B7 /* Info.plist */ = {isa = PBXFileReference; lastKnownFileType = text.plist.xml; path = Info.plist; sourceTree = "<group>"; };
/* End PBXFileReference section */

/* Begin PBXFrameworksBuildPhase section */
		8C473C851ECD10BA0015F3B7 /* Frameworks */ = {
			isa = PBXFrameworksBuildPhase;
			buildActionMask = 2147483647;
			files = (
			);
			runOnlyForDeploymentPostprocessing = 0;
		};
		8C473C991ECD10BA0015F3B7 /* Frameworks */ = {
			isa = PBXFrameworksBuildPhase;
			buildActionMask = 2147483647;
			files = (
			);
			runOnlyForDeploymentPostprocessing = 0;
		};
		8C473CA41ECD10BA0015F3B7 /* Frameworks */ = {
			isa = PBXFrameworksBuildPhase;
			buildActionMask = 2147483647;
			files = (
			);
			runOnlyForDeploymentPostprocessing = 0;
		};
/* End PBXFrameworksBuildPhase section */

/* Begin PBXGroup section */
		8C473C7F1ECD10BA0015F3B7 = {
			isa = PBXGroup;
			children = (
				8C473C8A1ECD10BA0015F3B7 /* SmartTag */,
				8C473C9F1ECD10BA0015F3B7 /* SmartTagTests */,
				8C473CAA1ECD10BA0015F3B7 /* SmartTagUITests */,
				8C473C891ECD10BA0015F3B7 /* Products */,
			);
			sourceTree = "<group>";
		};
		8C473C891ECD10BA0015F3B7 /* Products */ = {
			isa = PBXGroup;
			children = (
				8C473C881ECD10BA0015F3B7 /* SmartTag.app */,
				8C473C9C1ECD10BA0015F3B7 /* SmartTagTests.xctest */,
				8C473CA71ECD10BA0015F3B7 /* SmartTagUITests.xctest */,
			);
			name = Products;
			sourceTree = "<group>";
		};
		8C473C8A1ECD10BA0015F3B7 /* SmartTag */ = {
			isa = PBXGroup;
			children = (
				8C473C8B1ECD10BA0015F3B7 /* AppDelegate.swift */,
				8C473C8D1ECD10BA0015F3B7 /* ViewController.swift */,
				8C473C8F1ECD10BA0015F3B7 /* Main.storyboard */,
				8C473C921ECD10BA0015F3B7 /* Assets.xcassets */,
				8C473C941ECD10BA0015F3B7 /* LaunchScreen.storyboard */,
				8C473C971ECD10BA0015F3B7 /* Info.plist */,
			);
			path = SmartTag;
			sourceTree = "<group>";
		};
		8C473C9F1ECD10BA0015F3B7 /* SmartTagTests */ = {
			isa = PBXGroup;
			children = (
				8C473CA01ECD10BA0015F3B7 /* SmartTagTests.swift */,
				8C473CA21ECD10BA0015F3B7 /* Info.plist */,
			);
			path = SmartTagTests;
			sourceTree = "<group>";
		};
		8C473CAA1ECD10BA0015F3B7 /* SmartTagUITests */ = {
			isa = PBXGroup;
			children = (
				8C473CAB1ECD10BA0015F3B7 /* SmartTagUITests.swift */,
				8C473CAD1ECD10BA0015F3B7 /* Info.plist */,
			);
			path = SmartTagUITests;
			sourceTree = "<group>";
		};
/* End PBXGroup section */

/* Begin PBXNativeTarget section */
		8C473C871ECD10BA0015F3B7 /* SmartTag */ = {
			isa = PBXNativeTarget;
			buildConfigurationList = 8C473CB01ECD10BA0015F3B7 /* Build configuration list for PBXNativeTarget "SmartTag" */;
			buildPhases = (
				8C473C841ECD10BA0015F3B7 /* Sources */,
				8C473C851ECD10BA0015F3B7 /* Frameworks */,
				8C473C861ECD10BA0015F3B7 /* Resources */,
			);
			buildRules = (
			);
			dependencies = (
			);
			name = SmartTag;
			productName = SmartTag;
			productReference = 8C473C881ECD10BA0015F3B7 /* SmartTag.app */;
			productType = "com.apple.product-type.application";
		};
		8C473C9B1ECD10BA0015F3B7 /* SmartTagTests */ = {
			isa = PBXNativeTarget;
			buildConfigurationList = 8C473CB31ECD10BA0015F3B7 /* Build configuration list for PBXNativeTarget "SmartTagTests" */;
			buildPhases = (
				8C473C981ECD10BA0015F3B7 /* Sources */,
				8C473C991ECD10BA0015F3B7 /* Frameworks */,
				8C473C9A1ECD10BA0015F3B7 /* Resources */,
			);
			buildRules = (
			);
			dependencies = (
				8C473C9E1ECD10BA0015F3B7 /* PBXTargetDependency */,
			);
			name = SmartTagTests;
			productName = SmartTagTests;
			productReference = 8C473C9C1ECD10BA0015F3B7 /* SmartTagTests.xctest */;
			productType = "com.apple.product-type.bundle.unit-test";
		};
		8C473CA61ECD10BA0015F3B7 /* SmartTagUITests */ = {
			isa = PBXNativeTarget;
			buildConfigurationList = 8C473CB61ECD10BA0015F3B7 /* Build configuration list for PBXNativeTarget "SmartTagUITests" */;
			buildPhases = (
				8C473CA31ECD10BA0015F3B7 /* Sources */,
				8C473CA41ECD10BA0015F3B7 /* Frameworks */,
				8C473CA51ECD10BA0015F3B7 /* Resources */,
			);
			buildRules = (
			);
			dependencies = (
				8C473CA91ECD10BA0015F3B7 /* PBXTargetDependency */,
			);
			name = SmartTagUITests;
			productName = SmartTagUITests;
			productReference = 8C473CA71ECD10BA0015F3B7 /* SmartTagUITests.xctest */;
			productType = "com.apple.product-type.bundle.ui-testing";
		};
/* End PBXNativeTarget section */

/* Begin PBXProject section */
		8C473C801ECD10BA0015F3B7 /* Project object */ = {
			isa = PBXProject;
			attributes = {
				LastSwiftUpdateCheck = 0830;
				LastUpgradeCheck = 0830;
				ORGANIZATIONNAME = "Jackie Yang";
				TargetAttributes = {
					8C473C871ECD10BA0015F3B7 = {
						CreatedOnToolsVersion = 8.3.2;
						DevelopmentTeam = H4758Q57R4;
						ProvisioningStyle = Automatic;
					};
					8C473C9B1ECD10BA0015F3B7 = {
						CreatedOnToolsVersion = 8.3.2;
						DevelopmentTeam = H4758Q57R4;
						ProvisioningStyle = Automatic;
						TestTargetID = 8C473C871ECD10BA0015F3B7;
					};
					8C473CA61ECD10BA0015F3B7 = {
						CreatedOnToolsVersion = 8.3.2;
						DevelopmentTeam = H4758Q57R4;
						ProvisioningStyle = Automatic;
						TestTargetID = 8C473C871ECD10BA0015F3B7;
					};
				};
			};
			buildConfigurationList = 8C473C831ECD10BA0015F3B7 /* Build configuration list for PBXProject "SmartTag" */;
			compatibilityVersion = "Xcode 3.2";
			developmentRegion = English;
			hasScannedForEncodings = 0;
			knownRegions = (
				en,
				Base,
			);
			mainGroup = 8C473C7F1ECD10BA0015F3B7;
			productRefGroup = 8C473C891ECD10BA0015F3B7 /* Products */;
			projectDirPath = "";
			projectRoot = "";
			targets = (
				8C473C871ECD10BA0015F3B7 /* SmartTag */,
				8C473C9B1ECD10BA0015F3B7 /* SmartTagTests */,
				8C473CA61ECD10BA0015F3B7 /* SmartTagUITests */,
			);
		};
/* End PBXProject section */

/* Begin PBXResourcesBuildPhase section */
		8C473C861ECD10BA0015F3B7 /* Resources */ = {
			isa = PBXResourcesBuildPhase;
			buildActionMask = 2147483647;
			files = (
				8C473C961ECD10BA0015F3B7 /* LaunchScreen.storyboard in Resources */,
				8C473C931ECD10BA0015F3B7 /* Assets.xcassets in Resources */,
				8C473C911ECD10BA0015F3B7 /* Main.storyboard in Resources */,
			);
			runOnlyForDeploymentPostprocessing = 0;
		};
		8C473C9A1ECD10BA0015F3B7 /* Resources */ = {
			isa = PBXResourcesBuildPhase;
			buildActionMask = 2147483647;
			files = (
			);
			runOnlyForDeploymentPostprocessing = 0;
		};
		8C473CA51ECD10BA0015F3B7 /* Resources */ = {
			isa = PBXResourcesBuildPhase;
			buildActionMask = 2147483647;
			files = (
			);
			runOnlyForDeploymentPostprocessing = 0;
		};
/* End PBXResourcesBuildPhase section */

/* Begin PBXSourcesBuildPhase section */
		8C473C841ECD10BA0015F3B7 /* Sources */ = {
			isa = PBXSourcesBuildPhase;
			buildActionMask = 2147483647;
			files = (
				8C473C8E1ECD10BA0015F3B7 /* ViewController.swift in Sources */,
				8C473C8C1ECD10BA0015F3B7 /* AppDelegate.swift in Sources */,
			);
			runOnlyForDeploymentPostprocessing = 0;
		};
		8C473C981ECD10BA0015F3B7 /* Sources */ = {
			isa = PBXSourcesBuildPhase;
			buildActionMask = 2147483647;
			files = (
				8C473CA11ECD10BA0015F3B7 /* SmartTagTests.swift in Sources */,
			);
			runOnlyForDeploymentPostprocessing = 0;
		};
		8C473CA31ECD10BA0015F3B7 /* Sources */ = {
			isa = PBXSourcesBuildPhase;
			buildActionMask = 2147483647;
			files = (
				8C473CAC1ECD10BA0015F3B7 /* SmartTagUITests.swift in Sources */,
			);
			runOnlyForDeploymentPostprocessing = 0;
		};
/* End PBXSourcesBuildPhase section */

/* Begin PBXTargetDependency section */
		8C473C9E1ECD10BA0015F3B7 /* PBXTargetDependency */ = {
			isa = PBXTargetDependency;
			target = 8C473C871ECD10BA0015F3B7 /* SmartTag */;
			targetProxy = 8C473C9D1ECD10BA0015F3B7 /* PBXContainerItemProxy */;
		};
		8C473CA91ECD10BA0015F3B7 /* PBXTargetDependency */ = {
			isa = PBXTargetDependency;
			target = 8C473C871ECD10BA0015F3B7 /* SmartTag */;
			targetProxy = 8C473CA81ECD10BA0015F3B7 /* PBXContainerItemProxy */;
		};
/* End PBXTargetDependency section */

/* Begin PBXVariantGroup section */
		8C473C8F1ECD10BA0015F3B7 /* Main.storyboard */ = {
			isa = PBXVariantGroup;
			children = (
				8C473C901ECD10BA0015F3B7 /* Base */,
			);
			name = Main.storyboard;
			sourceTree = "<group>";
		};
		8C473C941ECD10BA0015F3B7 /* LaunchScreen.storyboard */ = {
			isa = PBXVariantGroup;
			children = (
				8C473C951ECD10BA0015F3B7 /* Base */,
			);
			name = LaunchScreen.storyboard;
			sourceTree = "<group>";
		};
/* End PBXVariantGroup section */

/* Begin XCBuildConfiguration section */
		8C473CAE1ECD10BA0015F3B7 /* Debug */ = {
			isa = XCBuildConfiguration;
			buildSettings = {
				ALWAYS_SEARCH_USER_PATHS = NO;
				CLANG_ANALYZER_NONNULL = YES;
				CLANG_ANALYZER_NUMBER_OBJECT_CONVERSION = YES_AGGRESSIVE;
				CLANG_CXX_LANGUAGE_STANDARD = "gnu++0x";
				CLANG_CXX_LIBRARY = "libc++";
				CLANG_ENABLE_MODULES = YES;
				CLANG_ENABLE_OBJC_ARC = YES;
				CLANG_WARN_BOOL_CONVERSION = YES;
				CLANG_WARN_CONSTANT_CONVERSION = YES;
				CLANG_WARN_DIRECT_OBJC_ISA_USAGE = YES_ERROR;
				CLANG_WARN_DOCUMENTATION_COMMENTS = YES;
				CLANG_WARN_EMPTY_BODY = YES;
				CLANG_WARN_ENUM_CONVERSION = YES;
				CLANG_WARN_INFINITE_RECURSION = YES;
				CLANG_WARN_INT_CONVERSION = YES;
				CLANG_WARN_OBJC_ROOT_CLASS = YES_ERROR;
				CLANG_WARN_SUSPICIOUS_MOVE = YES;
				CLANG_WARN_UNREACHABLE_CODE = YES;
				CLANG_WARN__DUPLICATE_METHOD_MATCH = YES;
				"CODE_SIGN_IDENTITY[sdk=iphoneos*]" = "iPhone Developer";
				COPY_PHASE_STRIP = NO;
				DEBUG_INFORMATION_FORMAT = dwarf;
				ENABLE_STRICT_OBJC_MSGSEND = YES;
				ENABLE_TESTABILITY = YES;
				GCC_C_LANGUAGE_STANDARD = gnu99;
				GCC_DYNAMIC_NO_PIC = NO;
				GCC_NO_COMMON_BLOCKS = YES;
				GCC_OPTIMIZATION_LEVEL = 0;
				GCC_PREPROCESSOR_DEFINITIONS = (
					"DEBUG=1",
					"$(inherited)",
				);
				GCC_WARN_64_TO_32_BIT_CONVERSION = YES;
				GCC_WARN_ABOUT_RETURN_TYPE = YES_ERROR;
				GCC_WARN_UNDECLARED_SELECTOR = YES;
				GCC_WARN_UNINITIALIZED_AUTOS = YES_AGGRESSIVE;
				GCC_WARN_UNUSED_FUNCTION = YES;
				GCC_WARN_UNUSED_VARIABLE = YES;
				IPHONEOS_DEPLOYMENT_TARGET = 10.3;
				MTL_ENABLE_DEBUG_INFO = YES;
				ONLY_ACTIVE_ARCH = YES;
				SDKROOT = iphoneos;
				SWIFT_ACTIVE_COMPILATION_CONDITIONS = DEBUG;
				SWIFT_OPTIMIZATION_LEVEL = "-Onone";
				TARGETED_DEVICE_FAMILY = "1,2";
			};
			name = Debug;
		};
		8C473CAF1ECD10BA0015F3B7 /* Release */ = {
			isa = XCBuildConfiguration;
			buildSettings = {
				ALWAYS_SEARCH_USER_PATHS = NO;
				CLANG_ANALYZER_NONNULL = YES;
				CLANG_ANALYZER_NUMBER_OBJECT_CONVERSION = YES_AGGRESSIVE;
				CLANG_CXX_LANGUAGE_STANDARD = "gnu++0x";
				CLANG_CXX_LIBRARY = "libc++";
				CLANG_ENABLE_MODULES = YES;
				CLANG_ENABLE_OBJC_ARC = YES;
				CLANG_WARN_BOOL_CONVERSION = YES;
				CLANG_WARN_CONSTANT_CONVERSION = YES;
				CLANG_WARN_DIRECT_OBJC_ISA_USAGE = YES_ERROR;
				CLANG_WARN_DOCUMENTATION_COMMENTS = YES;
				CLANG_WARN_EMPTY_BODY = YES;
				CLANG_WARN_ENUM_CONVERSION = YES;
				CLANG_WARN_INFINITE_RECURSION = YES;
				CLANG_WARN_INT_CONVERSION = YES;
				CLANG_WARN_OBJC_ROOT_CLASS = YES_ERROR;
				CLANG_WARN_SUSPICIOUS_MOVE = YES;
				CLANG_WARN_UNREACHABLE_CODE = YES;
				CLANG_WARN__DUPLICATE_METHOD_MATCH = YES;
				"CODE_SIGN_IDENTITY[sdk=iphoneos*]" = "iPhone Developer";
				COPY_PHASE_STRIP = NO;
				DEBUG_INFORMATION_FORMAT = "dwarf-with-dsym";
				ENABLE_NS_ASSERTIONS = NO;
				ENABLE_STRICT_OBJC_MSGSEND = YES;
				GCC_C_LANGUAGE_STANDARD = gnu99;
				GCC_NO_COMMON_BLOCKS = YES;
				GCC_WARN_64_TO_32_BIT_CONVERSION = YES;
				GCC_WARN_ABOUT_RETURN_TYPE = YES_ERROR;
				GCC_WARN_UNDECLARED_SELECTOR = YES;
				GCC_WARN_UNINITIALIZED_AUTOS = YES_AGGRESSIVE;
				GCC_WARN_UNUSED_FUNCTION = YES;
				GCC_WARN_UNUSED_VARIABLE = YES;
				IPHONEOS_DEPLOYMENT_TARGET = 10.3;
				MTL_ENABLE_DEBUG_INFO = NO;
				SDKROOT = iphoneos;
				SWIFT_OPTIMIZATION_LEVEL = "-Owholemodule";
				TARGETED_DEVICE_FAMILY = "1,2";
				VALIDATE_PRODUCT = YES;
			};
			name = Release;
		};
		8C473CB11ECD10BA0015F3B7 /* Debug */ = {
			isa = XCBuildConfiguration;
			buildSettings = {
				ASSETCATALOG_COMPILER_APPICON_NAME = AppIcon;
				DEVELOPMENT_TEAM = H4758Q57R4;
				INFOPLIST_FILE = SmartTag/Info.plist;
				LD_RUNPATH_SEARCH_PATHS = "$(inherited) @executable_path/Frameworks";
				PRODUCT_BUNDLE_IDENTIFIER = com.jackieyang.SmartTag;
				PRODUCT_NAME = "$(TARGET_NAME)";
				SWIFT_VERSION = 3.0;
			};
			name = Debug;
		};
		8C473CB21ECD10BA0015F3B7 /* Release */ = {
			isa = XCBuildConfiguration;
			buildSettings = {
				ASSETCATALOG_COMPILER_APPICON_NAME = AppIcon;
				DEVELOPMENT_TEAM = H4758Q57R4;
				INFOPLIST_FILE = SmartTag/Info.plist;
				LD_RUNPATH_SEARCH_PATHS = "$(inherited) @executable_path/Frameworks";
				PRODUCT_BUNDLE_IDENTIFIER = com.jackieyang.SmartTag;
				PRODUCT_NAME = "$(TARGET_NAME)";
				SWIFT_VERSION = 3.0;
			};
			name = Release;
		};
		8C473CB41ECD10BA0015F3B7 /* Debug */ = {
			isa = XCBuildConfiguration;
			buildSettings = {
				ALWAYS_EMBED_SWIFT_STANDARD_LIBRARIES = YES;
				BUNDLE_LOADER = "$(TEST_HOST)";
				DEVELOPMENT_TEAM = H4758Q57R4;
				INFOPLIST_FILE = SmartTagTests/Info.plist;
				LD_RUNPATH_SEARCH_PATHS = "$(inherited) @executable_path/Frameworks @loader_path/Frameworks";
				PRODUCT_BUNDLE_IDENTIFIER = com.jackieyang.SmartTagTests;
				PRODUCT_NAME = "$(TARGET_NAME)";
				SWIFT_VERSION = 3.0;
				TEST_HOST = "$(BUILT_PRODUCTS_DIR)/SmartTag.app/SmartTag";
			};
			name = Debug;
		};
		8C473CB51ECD10BA0015F3B7 /* Release */ = {
			isa = XCBuildConfiguration;
			buildSettings = {
				ALWAYS_EMBED_SWIFT_STANDARD_LIBRARIES = YES;
				BUNDLE_LOADER = "$(TEST_HOST)";
				DEVELOPMENT_TEAM = H4758Q57R4;
				INFOPLIST_FILE = SmartTagTests/Info.plist;
				LD_RUNPATH_SEARCH_PATHS = "$(inherited) @executable_path/Frameworks @loader_path/Frameworks";
				PRODUCT_BUNDLE_IDENTIFIER = com.jackieyang.SmartTagTests;
				PRODUCT_NAME = "$(TARGET_NAME)";
				SWIFT_VERSION = 3.0;
				TEST_HOST = "$(BUILT_PRODUCTS_DIR)/SmartTag.app/SmartTag";
			};
			name = Release;
		};
		8C473CB71ECD10BA0015F3B7 /* Debug */ = {
			isa = XCBuildConfiguration;
			buildSettings = {
				ALWAYS_EMBED_SWIFT_STANDARD_LIBRARIES = YES;
				DEVELOPMENT_TEAM = H4758Q57R4;
				INFOPLIST_FILE = SmartTagUITests/Info.plist;
				LD_RUNPATH_SEARCH_PATHS = "$(inherited) @executable_path/Frameworks @loader_path/Frameworks";
				PRODUCT_BUNDLE_IDENTIFIER = com.jackieyang.SmartTagUITests;
				PRODUCT_NAME = "$(TARGET_NAME)";
				SWIFT_VERSION = 3.0;
				TEST_TARGET_NAME = SmartTag;
			};
			name = Debug;
		};
		8C473CB81ECD10BA0015F3B7 /* Release */ = {
			isa = XCBuildConfiguration;
			buildSettings = {
				ALWAYS_EMBED_SWIFT_STANDARD_LIBRARIES = YES;
				DEVELOPMENT_TEAM = H4758Q57R4;
				INFOPLIST_FILE = SmartTagUITests/Info.plist;
				LD_RUNPATH_SEARCH_PATHS = "$(inherited) @executable_path/Frameworks @loader_path/Frameworks";
				PRODUCT_BUNDLE_IDENTIFIER = com.jackieyang.SmartTagUITests;
				PRODUCT_NAME = "$(TARGET_NAME)";
				SWIFT_VERSION = 3.0;
				TEST_TARGET_NAME = SmartTag;
			};
			name = Release;
		};
/* End XCBuildConfiguration section */

/* Begin XCConfigurationList section */
		8C473C831ECD10BA0015F3B7 /* Build configuration list for PBXProject "SmartTag" */ = {
			isa = XCConfigurationList;
			buildConfigurations = (
				8C473CAE1ECD10BA0015F3B7 /* Debug */,
				8C473CAF1ECD10BA0015F3B7 /* Release */,
			);
			defaultConfigurationIsVisible = 0;
			defaultConfigurationName = Release;
		};
		8C473CB01ECD10BA0015F3B7 /* Build configuration list for PBXNativeTarget "SmartTag" */ = {
			isa = XCConfigurationList;
			buildConfigurations = (
				8C473CB11ECD10BA0015F3B7 /* Debug */,
				8C473CB21ECD10BA0015F3B7 /* Release */,
			);
			defaultConfigurationIsVisible = 0;
		};
		8C473CB31ECD10BA0015F3B7 /* Build configuration list for PBXNativeTarget "SmartTagTests" */ = {
			isa = XCConfigurationList;
			buildConfigurations = (
				8C473CB41ECD10BA0015F3B7 /* Debug */,
				8C473CB51ECD10BA0015F3B7 /* Release */,
			);
			defaultConfigurationIsVisible = 0;
		};
		8C473CB61ECD10BA0015F3B7 /* Build configuration list for PBXNativeTarget "SmartTagUITests" */ = {
			isa = XCConfigurationList;
			buildConfigurations = (
				8C473CB71ECD10BA0015F3B7 /* Debug */,
				8C473CB81ECD10BA0015F3B7 /* Release */,
			);
			defaultConfigurationIsVisible = 0;
		};
/* End XCConfigurationList section */
	};
	rootObject = 8C473C801ECD10BA0015F3B7 /* Project object */;
}
